
Microsoft Visual Studio Solution File, Format Version 12.00
# Visual Studio Version 17
VisualStudioVersion = 17.11.35222.181
MinimumVisualStudioVersion = 10.0.40219.1
Project("{FAE04EC0-301F-11D3-BF4B-00C04F79EFBC}") = "ejer.19", "ejer.19\ejer.19.csproj", "{75C708FA-D4F4-4B01-8F2E-683937C3E703}"
EndProject
Global
	GlobalSection(SolutionConfigurationPlatforms) = preSolution
		Debug|Any CPU = Debug|Any CPU
		Release|Any CPU = Release|Any CPU
	EndGlobalSection
	GlobalSection(ProjectConfigurationPlatforms) = postSolution
		{75C708FA-D4F4-4B01-8F2E-683937C3E703}.Debug|Any CPU.ActiveCfg = Debug|Any CPU
		{75C708FA-D4F4-4B01-8F2E-683937C3E703}.Debug|Any CPU.Build.0 = Debug|Any CPU
		{75C708FA-D4F4-4B01-8F2E-683937C3E703}.Release|Any CPU.ActiveCfg = Release|Any CPU
		{75C708FA-D4F4-4B01-8F2E-683937C3E703}.Release|Any CPU.Build.0 = Release|Any CPU
	EndGlobalSection
	GlobalSection(SolutionProperties) = preSolution
		HideSolutionNode = FALSE
	EndGlobalSection
	GlobalSection(ExtensibilityGlobals) = postSolution
		SolutionGuid = {042BE78E-7437-446A-B360-032AC6BAB7A9}
	EndGlobalSection
EndGlobal
