
Microsoft Visual Studio Solution File, Format Version 12.00
# Visual Studio Version 17
VisualStudioVersion = 17.11.35222.181
MinimumVisualStudioVersion = 10.0.40219.1
Project("{FAE04EC0-301F-11D3-BF4B-00C04F79EFBC}") = "ejer.16", "ejer.16\ejer.16.csproj", "{A2CA981C-660B-4711-8C5D-0170E42094CB}"
EndProject
Global
	GlobalSection(SolutionConfigurationPlatforms) = preSolution
		Debug|Any CPU = Debug|Any CPU
		Release|Any CPU = Release|Any CPU
	EndGlobalSection
	GlobalSection(ProjectConfigurationPlatforms) = postSolution
		{A2CA981C-660B-4711-8C5D-0170E42094CB}.Debug|Any CPU.ActiveCfg = Debug|Any CPU
		{A2CA981C-660B-4711-8C5D-0170E42094CB}.Debug|Any CPU.Build.0 = Debug|Any CPU
		{A2CA981C-660B-4711-8C5D-0170E42094CB}.Release|Any CPU.ActiveCfg = Release|Any CPU
		{A2CA981C-660B-4711-8C5D-0170E42094CB}.Release|Any CPU.Build.0 = Release|Any CPU
	EndGlobalSection
	GlobalSection(SolutionProperties) = preSolution
		HideSolutionNode = FALSE
	EndGlobalSection
	GlobalSection(ExtensibilityGlobals) = postSolution
		SolutionGuid = {15115626-B278-4F81-A271-91201AE42344}
	EndGlobalSection
EndGlobal
