
Microsoft Visual Studio Solution File, Format Version 12.00
# Visual Studio Version 17
VisualStudioVersion = 17.11.35222.181
MinimumVisualStudioVersion = 10.0.40219.1
Project("{FAE04EC0-301F-11D3-BF4B-00C04F79EFBC}") = "PromedioNotas.ejer10", "PromedioNotas.ejer10\PromedioNotas.ejer10.csproj", "{EE551A3C-8FE9-4407-A2B2-B545DC074087}"
EndProject
Global
	GlobalSection(SolutionConfigurationPlatforms) = preSolution
		Debug|Any CPU = Debug|Any CPU
		Release|Any CPU = Release|Any CPU
	EndGlobalSection
	GlobalSection(ProjectConfigurationPlatforms) = postSolution
		{EE551A3C-8FE9-4407-A2B2-B545DC074087}.Debug|Any CPU.ActiveCfg = Debug|Any CPU
		{EE551A3C-8FE9-4407-A2B2-B545DC074087}.Debug|Any CPU.Build.0 = Debug|Any CPU
		{EE551A3C-8FE9-4407-A2B2-B545DC074087}.Release|Any CPU.ActiveCfg = Release|Any CPU
		{EE551A3C-8FE9-4407-A2B2-B545DC074087}.Release|Any CPU.Build.0 = Release|Any CPU
	EndGlobalSection
	GlobalSection(SolutionProperties) = preSolution
		HideSolutionNode = FALSE
	EndGlobalSection
	GlobalSection(ExtensibilityGlobals) = postSolution
		SolutionGuid = {55013CA3-38BC-4F29-9F84-EB5602744238}
	EndGlobalSection
EndGlobal
